
Microsoft Visual Studio Solution File, Format Version 12.00
# Visual Studio 14
VisualStudioVersion = 14.0.25420.1
MinimumVisualStudioVersion = 10.0.40219.1
Project("{FAE04EC0-301F-11D3-BF4B-00C04F79EFBC}") = "Fibonacci", "Fibonacci\Fibonacci.csproj", "{A61BF9FE-431D-4442-99EC-A58753A1FC3F}"
EndProject
Project("{FAE04EC0-301F-11D3-BF4B-00C04F79EFBC}") = "Fibonacci.Tests", "Fibonacci.Tests\Fibonacci.Tests.csproj", "{4C026088-B8AB-4347-A4A6-4E5768BE1A7E}"
EndProject
Project("{FAE04EC0-301F-11D3-BF4B-00C04F79EFBC}") = "CustomeCollections", "CustomeCollections\CustomeCollections.csproj", "{E0545BE5-582D-4D9F-979A-0BF83E7BA764}"
EndProject
Project("{FAE04EC0-301F-11D3-BF4B-00C04F79EFBC}") = "Tree", "Tree\Tree.csproj", "{0D18CF9B-2732-4603-AD6B-B4F5E545199C}"
EndProject
Project("{FAE04EC0-301F-11D3-BF4B-00C04F79EFBC}") = "Tree.Tests", "Tree.Tests\Tree.Tests.csproj", "{0AA84C6B-1DB4-4349-93CF-2A14A5A6BCFA}"
EndProject
Global
	GlobalSection(SolutionConfigurationPlatforms) = preSolution
		Debug|Any CPU = Debug|Any CPU
		Release|Any CPU = Release|Any CPU
	EndGlobalSection
	GlobalSection(ProjectConfigurationPlatforms) = postSolution
		{A61BF9FE-431D-4442-99EC-A58753A1FC3F}.Debug|Any CPU.ActiveCfg = Debug|Any CPU
		{A61BF9FE-431D-4442-99EC-A58753A1FC3F}.Debug|Any CPU.Build.0 = Debug|Any CPU
		{A61BF9FE-431D-4442-99EC-A58753A1FC3F}.Release|Any CPU.ActiveCfg = Release|Any CPU
		{A61BF9FE-431D-4442-99EC-A58753A1FC3F}.Release|Any CPU.Build.0 = Release|Any CPU
		{4C026088-B8AB-4347-A4A6-4E5768BE1A7E}.Debug|Any CPU.ActiveCfg = Debug|Any CPU
		{4C026088-B8AB-4347-A4A6-4E5768BE1A7E}.Debug|Any CPU.Build.0 = Debug|Any CPU
		{4C026088-B8AB-4347-A4A6-4E5768BE1A7E}.Release|Any CPU.ActiveCfg = Release|Any CPU
		{4C026088-B8AB-4347-A4A6-4E5768BE1A7E}.Release|Any CPU.Build.0 = Release|Any CPU
		{E0545BE5-582D-4D9F-979A-0BF83E7BA764}.Debug|Any CPU.ActiveCfg = Debug|Any CPU
		{E0545BE5-582D-4D9F-979A-0BF83E7BA764}.Debug|Any CPU.Build.0 = Debug|Any CPU
		{E0545BE5-582D-4D9F-979A-0BF83E7BA764}.Release|Any CPU.ActiveCfg = Release|Any CPU
		{E0545BE5-582D-4D9F-979A-0BF83E7BA764}.Release|Any CPU.Build.0 = Release|Any CPU
		{0D18CF9B-2732-4603-AD6B-B4F5E545199C}.Debug|Any CPU.ActiveCfg = Debug|Any CPU
		{0D18CF9B-2732-4603-AD6B-B4F5E545199C}.Debug|Any CPU.Build.0 = Debug|Any CPU
		{0D18CF9B-2732-4603-AD6B-B4F5E545199C}.Release|Any CPU.ActiveCfg = Release|Any CPU
		{0D18CF9B-2732-4603-AD6B-B4F5E545199C}.Release|Any CPU.Build.0 = Release|Any CPU
		{0AA84C6B-1DB4-4349-93CF-2A14A5A6BCFA}.Debug|Any CPU.ActiveCfg = Debug|Any CPU
		{0AA84C6B-1DB4-4349-93CF-2A14A5A6BCFA}.Debug|Any CPU.Build.0 = Debug|Any CPU
		{0AA84C6B-1DB4-4349-93CF-2A14A5A6BCFA}.Release|Any CPU.ActiveCfg = Release|Any CPU
		{0AA84C6B-1DB4-4349-93CF-2A14A5A6BCFA}.Release|Any CPU.Build.0 = Release|Any CPU
	EndGlobalSection
	GlobalSection(SolutionProperties) = preSolution
		HideSolutionNode = FALSE
	EndGlobalSection
EndGlobal
